// !$*UTF8*$!
{
	archiveVersion = 1;
	classes = {
	};
	objectVersion = 46;
	objects = {

/* Begin PBXBuildFile section */
		4E11C0111DB52DBF006D523B /* CustomTextField.swift in Sources */ = {isa = PBXBuildFile; fileRef = 4E11C0101DB52DBF006D523B /* CustomTextField.swift */; };
		4E11C0131DB53BE9006D523B /* CustomButton.swift in Sources */ = {isa = PBXBuildFile; fileRef = 4E11C0121DB53BE9006D523B /* CustomButton.swift */; };
		4E4FF3EA1DB488EA00A17AFB /* LoginVC.swift in Sources */ = {isa = PBXBuildFile; fileRef = 4E4FF3E91DB488EA00A17AFB /* LoginVC.swift */; };
		4E6DE6081DB4868400F9AA84 /* AppDelegate.swift in Sources */ = {isa = PBXBuildFile; fileRef = 4E6DE6071DB4868400F9AA84 /* AppDelegate.swift */; };
		4E6DE60A1DB4868400F9AA84 /* ViewController.swift in Sources */ = {isa = PBXBuildFile; fileRef = 4E6DE6091DB4868400F9AA84 /* ViewController.swift */; };
		4E6DE60D1DB4868400F9AA84 /* Main.storyboard in Resources */ = {isa = PBXBuildFile; fileRef = 4E6DE60B1DB4868400F9AA84 /* Main.storyboard */; };
		4E6DE60F1DB4868400F9AA84 /* Assets.xcassets in Resources */ = {isa = PBXBuildFile; fileRef = 4E6DE60E1DB4868400F9AA84 /* Assets.xcassets */; };
		4E6DE6121DB4868400F9AA84 /* LaunchScreen.storyboard in Resources */ = {isa = PBXBuildFile; fileRef = 4E6DE6101DB4868400F9AA84 /* LaunchScreen.storyboard */; };
		776E1C6C105D96F307EA07AB /* Pods_AnimationsJazz.framework in Frameworks */ = {isa = PBXBuildFile; fileRef = 024CFF4A10CF5B6F847E35DD /* Pods_AnimationsJazz.framework */; };
/* End PBXBuildFile section */

/* Begin PBXFileReference section */
		024CFF4A10CF5B6F847E35DD /* Pods_AnimationsJazz.framework */ = {isa = PBXFileReference; explicitFileType = wrapper.framework; includeInIndex = 0; path = Pods_AnimationsJazz.framework; sourceTree = BUILT_PRODUCTS_DIR; };
		4E11C0101DB52DBF006D523B /* CustomTextField.swift */ = {isa = PBXFileReference; fileEncoding = 4; lastKnownFileType = sourcecode.swift; path = CustomTextField.swift; sourceTree = "<group>"; };
		4E11C0121DB53BE9006D523B /* CustomButton.swift */ = {isa = PBXFileReference; fileEncoding = 4; lastKnownFileType = sourcecode.swift; path = CustomButton.swift; sourceTree = "<group>"; };
		4E4FF3E41DB4881F00A17AFB /* AnimationsJazz-Bridging-Header.h */ = {isa = PBXFileReference; lastKnownFileType = sourcecode.c.h; path = "AnimationsJazz-Bridging-Header.h"; sourceTree = "<group>"; };
		4E4FF3E91DB488EA00A17AFB /* LoginVC.swift */ = {isa = PBXFileReference; fileEncoding = 4; lastKnownFileType = sourcecode.swift; path = LoginVC.swift; sourceTree = "<group>"; };
		4E6DE6041DB4868400F9AA84 /* AnimationsJazz.app */ = {isa = PBXFileReference; explicitFileType = wrapper.application; includeInIndex = 0; path = AnimationsJazz.app; sourceTree = BUILT_PRODUCTS_DIR; };
		4E6DE6071DB4868400F9AA84 /* AppDelegate.swift */ = {isa = PBXFileReference; lastKnownFileType = sourcecode.swift; path = AppDelegate.swift; sourceTree = "<group>"; };
		4E6DE6091DB4868400F9AA84 /* ViewController.swift */ = {isa = PBXFileReference; lastKnownFileType = sourcecode.swift; path = ViewController.swift; sourceTree = "<group>"; };
		4E6DE60C1DB4868400F9AA84 /* Base */ = {isa = PBXFileReference; lastKnownFileType = file.storyboard; name = Base; path = Base.lproj/Main.storyboard; sourceTree = "<group>"; };
		4E6DE60E1DB4868400F9AA84 /* Assets.xcassets */ = {isa = PBXFileReference; lastKnownFileType = folder.assetcatalog; path = Assets.xcassets; sourceTree = "<group>"; };
		4E6DE6111DB4868400F9AA84 /* Base */ = {isa = PBXFileReference; lastKnownFileType = file.storyboard; name = Base; path = Base.lproj/LaunchScreen.storyboard; sourceTree = "<group>"; };
		4E6DE6131DB4868400F9AA84 /* Info.plist */ = {isa = PBXFileReference; lastKnownFileType = text.plist.xml; path = Info.plist; sourceTree = "<group>"; };
		5CA45115ACC835FA51BF6AA2 /* Pods-AnimationsJazz.debug.xcconfig */ = {isa = PBXFileReference; includeInIndex = 1; lastKnownFileType = text.xcconfig; name = "Pods-AnimationsJazz.debug.xcconfig"; path = "Pods/Target Support Files/Pods-AnimationsJazz/Pods-AnimationsJazz.debug.xcconfig"; sourceTree = "<group>"; };
		D623956E13C7788212060B60 /* Pods-AnimationsJazz.release.xcconfig */ = {isa = PBXFileReference; includeInIndex = 1; lastKnownFileType = text.xcconfig; name = "Pods-AnimationsJazz.release.xcconfig"; path = "Pods/Target Support Files/Pods-AnimationsJazz/Pods-AnimationsJazz.release.xcconfig"; sourceTree = "<group>"; };
/* End PBXFileReference section */

/* Begin PBXFrameworksBuildPhase section */
		4E6DE6011DB4868400F9AA84 /* Frameworks */ = {
			isa = PBXFrameworksBuildPhase;
			buildActionMask = 2147483647;
			files = (
				776E1C6C105D96F307EA07AB /* Pods_AnimationsJazz.framework in Frameworks */,
			);
			runOnlyForDeploymentPostprocessing = 0;
		};
/* End PBXFrameworksBuildPhase section */

/* Begin PBXGroup section */
		4E11C00F1DB52DA3006D523B /* View */ = {
			isa = PBXGroup;
			children = (
				4E11C0101DB52DBF006D523B /* CustomTextField.swift */,
				4E11C0121DB53BE9006D523B /* CustomButton.swift */,
			);
			name = View;
			sourceTree = "<group>";
		};
		4E4FF3E81DB488D600A17AFB /* Controller */ = {
			isa = PBXGroup;
			children = (
				4E4FF3E91DB488EA00A17AFB /* LoginVC.swift */,
			);
			name = Controller;
			sourceTree = "<group>";
		};
		4E6DE5FB1DB4868400F9AA84 = {
			isa = PBXGroup;
			children = (
				4E6DE6061DB4868400F9AA84 /* AnimationsJazz */,
				4E6DE6051DB4868400F9AA84 /* Products */,
				7E59C0AF140B98ACF01D99B8 /* Pods */,
				8935EB0DF7FF519DBF8D2F7C /* Frameworks */,
			);
			sourceTree = "<group>";
		};
		4E6DE6051DB4868400F9AA84 /* Products */ = {
			isa = PBXGroup;
			children = (
				4E6DE6041DB4868400F9AA84 /* AnimationsJazz.app */,
			);
			name = Products;
			sourceTree = "<group>";
		};
		4E6DE6061DB4868400F9AA84 /* AnimationsJazz */ = {
			isa = PBXGroup;
			children = (
				4E11C00F1DB52DA3006D523B /* View */,
				4E4FF3E81DB488D600A17AFB /* Controller */,
				4E6DE6071DB4868400F9AA84 /* AppDelegate.swift */,
				4E6DE6091DB4868400F9AA84 /* ViewController.swift */,
				4E6DE60B1DB4868400F9AA84 /* Main.storyboard */,
				4E6DE60E1DB4868400F9AA84 /* Assets.xcassets */,
				4E6DE6101DB4868400F9AA84 /* LaunchScreen.storyboard */,
				4E6DE6131DB4868400F9AA84 /* Info.plist */,
				4E4FF3E41DB4881F00A17AFB /* AnimationsJazz-Bridging-Header.h */,
			);
			path = AnimationsJazz;
			sourceTree = "<group>";
		};
		7E59C0AF140B98ACF01D99B8 /* Pods */ = {
			isa = PBXGroup;
			children = (
				5CA45115ACC835FA51BF6AA2 /* Pods-AnimationsJazz.debug.xcconfig */,
				D623956E13C7788212060B60 /* Pods-AnimationsJazz.release.xcconfig */,
			);
			name = Pods;
			sourceTree = "<group>";
		};
		8935EB0DF7FF519DBF8D2F7C /* Frameworks */ = {
			isa = PBXGroup;
			children = (
				024CFF4A10CF5B6F847E35DD /* Pods_AnimationsJazz.framework */,
			);
			name = Frameworks;
			sourceTree = "<group>";
		};
/* End PBXGroup section */

/* Begin PBXNativeTarget section */
		4E6DE6031DB4868400F9AA84 /* AnimationsJazz */ = {
			isa = PBXNativeTarget;
			buildConfigurationList = 4E6DE6161DB4868400F9AA84 /* Build configuration list for PBXNativeTarget "AnimationsJazz" */;
			buildPhases = (
				03DFE8C217328C7572D95EAE /* [CP] Check Pods Manifest.lock */,
				4E6DE6001DB4868400F9AA84 /* Sources */,
				4E6DE6011DB4868400F9AA84 /* Frameworks */,
				4E6DE6021DB4868400F9AA84 /* Resources */,
				0F458B4EB13040E45E21D379 /* [CP] Embed Pods Frameworks */,
				1D2CB33B13F978F2FBACA72B /* [CP] Copy Pods Resources */,
			);
			buildRules = (
			);
			dependencies = (
			);
			name = AnimationsJazz;
			productName = AnimationsJazz;
			productReference = 4E6DE6041DB4868400F9AA84 /* AnimationsJazz.app */;
			productType = "com.apple.product-type.application";
		};
/* End PBXNativeTarget section */

/* Begin PBXProject section */
		4E6DE5FC1DB4868400F9AA84 /* Project object */ = {
			isa = PBXProject;
			attributes = {
				LastSwiftUpdateCheck = 0800;
				LastUpgradeCheck = 0800;
				ORGANIZATIONNAME = redwoodempiredev;
				TargetAttributes = {
					4E6DE6031DB4868400F9AA84 = {
						CreatedOnToolsVersion = 8.0;
						DevelopmentTeam = C66PLD3WQ6;
						LastSwiftMigration = 0800;
						ProvisioningStyle = Automatic;
					};
				};
			};
			buildConfigurationList = 4E6DE5FF1DB4868400F9AA84 /* Build configuration list for PBXProject "AnimationsJazz" */;
			compatibilityVersion = "Xcode 3.2";
			developmentRegion = English;
			hasScannedForEncodings = 0;
			knownRegions = (
				en,
				Base,
			);
			mainGroup = 4E6DE5FB1DB4868400F9AA84;
			productRefGroup = 4E6DE6051DB4868400F9AA84 /* Products */;
			projectDirPath = "";
			projectRoot = "";
			targets = (
				4E6DE6031DB4868400F9AA84 /* AnimationsJazz */,
			);
		};
/* End PBXProject section */

/* Begin PBXResourcesBuildPhase section */
		4E6DE6021DB4868400F9AA84 /* Resources */ = {
			isa = PBXResourcesBuildPhase;
			buildActionMask = 2147483647;
			files = (
				4E6DE6121DB4868400F9AA84 /* LaunchScreen.storyboard in Resources */,
				4E6DE60F1DB4868400F9AA84 /* Assets.xcassets in Resources */,
				4E6DE60D1DB4868400F9AA84 /* Main.storyboard in Resources */,
			);
			runOnlyForDeploymentPostprocessing = 0;
		};
/* End PBXResourcesBuildPhase section */

/* Begin PBXShellScriptBuildPhase section */
		03DFE8C217328C7572D95EAE /* [CP] Check Pods Manifest.lock */ = {
			isa = PBXShellScriptBuildPhase;
			buildActionMask = 2147483647;
			files = (
			);
			inputPaths = (
			);
			name = "[CP] Check Pods Manifest.lock";
			outputPaths = (
			);
			runOnlyForDeploymentPostprocessing = 0;
			shellPath = /bin/sh;
			shellScript = "diff \"${PODS_ROOT}/../Podfile.lock\" \"${PODS_ROOT}/Manifest.lock\" > /dev/null\nif [[ $? != 0 ]] ; then\n    cat << EOM\nerror: The sandbox is not in sync with the Podfile.lock. Run 'pod install' or update your CocoaPods installation.\nEOM\n    exit 1\nfi\n";
			showEnvVarsInLog = 0;
		};
		0F458B4EB13040E45E21D379 /* [CP] Embed Pods Frameworks */ = {
			isa = PBXShellScriptBuildPhase;
			buildActionMask = 2147483647;
			files = (
			);
			inputPaths = (
			);
			name = "[CP] Embed Pods Frameworks";
			outputPaths = (
			);
			runOnlyForDeploymentPostprocessing = 0;
			shellPath = /bin/sh;
			shellScript = "\"${SRCROOT}/Pods/Target Support Files/Pods-AnimationsJazz/Pods-AnimationsJazz-frameworks.sh\"\n";
			showEnvVarsInLog = 0;
		};
		1D2CB33B13F978F2FBACA72B /* [CP] Copy Pods Resources */ = {
			isa = PBXShellScriptBuildPhase;
			buildActionMask = 2147483647;
			files = (
			);
			inputPaths = (
			);
			name = "[CP] Copy Pods Resources";
			outputPaths = (
			);
			runOnlyForDeploymentPostprocessing = 0;
			shellPath = /bin/sh;
			shellScript = "\"${SRCROOT}/Pods/Target Support Files/Pods-AnimationsJazz/Pods-AnimationsJazz-resources.sh\"\n";
			showEnvVarsInLog = 0;
		};
/* End PBXShellScriptBuildPhase section */

/* Begin PBXSourcesBuildPhase section */
		4E6DE6001DB4868400F9AA84 /* Sources */ = {
			isa = PBXSourcesBuildPhase;
			buildActionMask = 2147483647;
			files = (
				4E11C0111DB52DBF006D523B /* CustomTextField.swift in Sources */,
				4E6DE60A1DB4868400F9AA84 /* ViewController.swift in Sources */,
				4E6DE6081DB4868400F9AA84 /* AppDelegate.swift in Sources */,
				4E4FF3EA1DB488EA00A17AFB /* LoginVC.swift in Sources */,
				4E11C0131DB53BE9006D523B /* CustomButton.swift in Sources */,
			);
			runOnlyForDeploymentPostprocessing = 0;
		};
/* End PBXSourcesBuildPhase section */

/* Begin PBXVariantGroup section */
		4E6DE60B1DB4868400F9AA84 /* Main.storyboard */ = {
			isa = PBXVariantGroup;
			children = (
				4E6DE60C1DB4868400F9AA84 /* Base */,
			);
			name = Main.storyboard;
			sourceTree = "<group>";
		};
		4E6DE6101DB4868400F9AA84 /* LaunchScreen.storyboard */ = {
			isa = PBXVariantGroup;
			children = (
				4E6DE6111DB4868400F9AA84 /* Base */,
			);
			name = LaunchScreen.storyboard;
			sourceTree = "<group>";
		};
/* End PBXVariantGroup section */

/* Begin XCBuildConfiguration section */
		4E6DE6141DB4868400F9AA84 /* Debug */ = {
			isa = XCBuildConfiguration;
			buildSettings = {
				ALWAYS_SEARCH_USER_PATHS = NO;
				CLANG_ANALYZER_NONNULL = YES;
				CLANG_CXX_LANGUAGE_STANDARD = "gnu++0x";
				CLANG_CXX_LIBRARY = "libc++";
				CLANG_ENABLE_MODULES = YES;
				CLANG_ENABLE_OBJC_ARC = YES;
				CLANG_WARN_BOOL_CONVERSION = YES;
				CLANG_WARN_CONSTANT_CONVERSION = YES;
				CLANG_WARN_DIRECT_OBJC_ISA_USAGE = YES_ERROR;
				CLANG_WARN_DOCUMENTATION_COMMENTS = YES;
				CLANG_WARN_EMPTY_BODY = YES;
				CLANG_WARN_ENUM_CONVERSION = YES;
				CLANG_WARN_INFINITE_RECURSION = YES;
				CLANG_WARN_INT_CONVERSION = YES;
				CLANG_WARN_OBJC_ROOT_CLASS = YES_ERROR;
				CLANG_WARN_SUSPICIOUS_MOVES = YES;
				CLANG_WARN_UNREACHABLE_CODE = YES;
				CLANG_WARN__DUPLICATE_METHOD_MATCH = YES;
				"CODE_SIGN_IDENTITY[sdk=iphoneos*]" = "iPhone Developer";
				COPY_PHASE_STRIP = NO;
				DEBUG_INFORMATION_FORMAT = dwarf;
				ENABLE_STRICT_OBJC_MSGSEND = YES;
				ENABLE_TESTABILITY = YES;
				GCC_C_LANGUAGE_STANDARD = gnu99;
				GCC_DYNAMIC_NO_PIC = NO;
				GCC_NO_COMMON_BLOCKS = YES;
				GCC_OPTIMIZATION_LEVEL = 0;
				GCC_PREPROCESSOR_DEFINITIONS = (
					"DEBUG=1",
					"$(inherited)",
				);
				GCC_WARN_64_TO_32_BIT_CONVERSION = YES;
				GCC_WARN_ABOUT_RETURN_TYPE = YES_ERROR;
				GCC_WARN_UNDECLARED_SELECTOR = YES;
				GCC_WARN_UNINITIALIZED_AUTOS = YES_AGGRESSIVE;
				GCC_WARN_UNUSED_FUNCTION = YES;
				GCC_WARN_UNUSED_VARIABLE = YES;
				IPHONEOS_DEPLOYMENT_TARGET = 10.0;
				MTL_ENABLE_DEBUG_INFO = YES;
				ONLY_ACTIVE_ARCH = YES;
				SDKROOT = iphoneos;
				SWIFT_ACTIVE_COMPILATION_CONDITIONS = DEBUG;
				SWIFT_OPTIMIZATION_LEVEL = "-Onone";
			};
			name = Debug;
		};
		4E6DE6151DB4868400F9AA84 /* Release */ = {
			isa = XCBuildConfiguration;
			buildSettings = {
				ALWAYS_SEARCH_USER_PATHS = NO;
				CLANG_ANALYZER_NONNULL = YES;
				CLANG_CXX_LANGUAGE_STANDARD = "gnu++0x";
				CLANG_CXX_LIBRARY = "libc++";
				CLANG_ENABLE_MODULES = YES;
				CLANG_ENABLE_OBJC_ARC = YES;
				CLANG_WARN_BOOL_CONVERSION = YES;
				CLANG_WARN_CONSTANT_CONVERSION = YES;
				CLANG_WARN_DIRECT_OBJC_ISA_USAGE = YES_ERROR;
				CLANG_WARN_DOCUMENTATION_COMMENTS = YES;
				CLANG_WARN_EMPTY_BODY = YES;
				CLANG_WARN_ENUM_CONVERSION = YES;
				CLANG_WARN_INFINITE_RECURSION = YES;
				CLANG_WARN_INT_CONVERSION = YES;
				CLANG_WARN_OBJC_ROOT_CLASS = YES_ERROR;
				CLANG_WARN_SUSPICIOUS_MOVES = YES;
				CLANG_WARN_UNREACHABLE_CODE = YES;
				CLANG_WARN__DUPLICATE_METHOD_MATCH = YES;
				"CODE_SIGN_IDENTITY[sdk=iphoneos*]" = "iPhone Developer";
				COPY_PHASE_STRIP = NO;
				DEBUG_INFORMATION_FORMAT = "dwarf-with-dsym";
				ENABLE_NS_ASSERTIONS = NO;
				ENABLE_STRICT_OBJC_MSGSEND = YES;
				GCC_C_LANGUAGE_STANDARD = gnu99;
				GCC_NO_COMMON_BLOCKS = YES;
				GCC_WARN_64_TO_32_BIT_CONVERSION = YES;
				GCC_WARN_ABOUT_RETURN_TYPE = YES_ERROR;
				GCC_WARN_UNDECLARED_SELECTOR = YES;
				GCC_WARN_UNINITIALIZED_AUTOS = YES_AGGRESSIVE;
				GCC_WARN_UNUSED_FUNCTION = YES;
				GCC_WARN_UNUSED_VARIABLE = YES;
				IPHONEOS_DEPLOYMENT_TARGET = 10.0;
				MTL_ENABLE_DEBUG_INFO = NO;
				SDKROOT = iphoneos;
				SWIFT_OPTIMIZATION_LEVEL = "-Owholemodule";
				VALIDATE_PRODUCT = YES;
			};
			name = Release;
		};
		4E6DE6171DB4868400F9AA84 /* Debug */ = {
			isa = XCBuildConfiguration;
			baseConfigurationReference = 5CA45115ACC835FA51BF6AA2 /* Pods-AnimationsJazz.debug.xcconfig */;
			buildSettings = {
				ASSETCATALOG_COMPILER_APPICON_NAME = AppIcon;
				CLANG_ENABLE_MODULES = YES;
				DEVELOPMENT_TEAM = C66PLD3WQ6;
				INFOPLIST_FILE = AnimationsJazz/Info.plist;
				LD_RUNPATH_SEARCH_PATHS = "$(inherited) @executable_path/Frameworks";
				PRODUCT_BUNDLE_IDENTIFIER = com.redwoodempiredev.AnimationsJazz;
				PRODUCT_NAME = "$(TARGET_NAME)";
				SWIFT_OBJC_BRIDGING_HEADER = "AnimationsJazz/AnimationsJazz-Bridging-Header.h";
				SWIFT_OPTIMIZATION_LEVEL = "-Onone";
				SWIFT_VERSION = 3.0;
			};
			name = Debug;
		};
		4E6DE6181DB4868400F9AA84 /* Release */ = {
			isa = XCBuildConfiguration;
			baseConfigurationReference = D623956E13C7788212060B60 /* Pods-AnimationsJazz.release.xcconfig */;
			buildSettings = {
				ASSETCATALOG_COMPILER_APPICON_NAME = AppIcon;
				CLANG_ENABLE_MODULES = YES;
				DEVELOPMENT_TEAM = C66PLD3WQ6;
				INFOPLIST_FILE = AnimationsJazz/Info.plist;
				LD_RUNPATH_SEARCH_PATHS = "$(inherited) @executable_path/Frameworks";
				PRODUCT_BUNDLE_IDENTIFIER = com.redwoodempiredev.AnimationsJazz;
				PRODUCT_NAME = "$(TARGET_NAME)";
				SWIFT_OBJC_BRIDGING_HEADER = "AnimationsJazz/AnimationsJazz-Bridging-Header.h";
				SWIFT_VERSION = 3.0;
			};
			name = Release;
		};
/* End XCBuildConfiguration section */

/* Begin XCConfigurationList section */
		4E6DE5FF1DB4868400F9AA84 /* Build configuration list for PBXProject "AnimationsJazz" */ = {
			isa = XCConfigurationList;
			buildConfigurations = (
				4E6DE6141DB4868400F9AA84 /* Debug */,
				4E6DE6151DB4868400F9AA84 /* Release */,
			);
			defaultConfigurationIsVisible = 0;
			defaultConfigurationName = Release;
		};
		4E6DE6161DB4868400F9AA84 /* Build configuration list for PBXNativeTarget "AnimationsJazz" */ = {
			isa = XCConfigurationList;
			buildConfigurations = (
				4E6DE6171DB4868400F9AA84 /* Debug */,
				4E6DE6181DB4868400F9AA84 /* Release */,
			);
			defaultConfigurationIsVisible = 0;
			defaultConfigurationName = Release;
		};
/* End XCConfigurationList section */
	};
	rootObject = 4E6DE5FC1DB4868400F9AA84 /* Project object */;
}
